
Microsoft Visual Studio Solution File, Format Version 12.00
# Visual Studio Version 16
VisualStudioVersion = 16.0.30711.63
MinimumVisualStudioVersion = 10.0.40219.1
Project("{FAE04EC0-301F-11D3-BF4B-00C04F79EFBC}") = "AS Assignment", "AS Assignment\AS Assignment.csproj", "{6CC7C1C5-3824-4486-A0D9-E86BCEB6EE13}"
EndProject
Global
	GlobalSection(SolutionConfigurationPlatforms) = preSolution
		Debug|Any CPU = Debug|Any CPU
		Release|Any CPU = Release|Any CPU
	EndGlobalSection
	GlobalSection(ProjectConfigurationPlatforms) = postSolution
		{6CC7C1C5-3824-4486-A0D9-E86BCEB6EE13}.Debug|Any CPU.ActiveCfg = Debug|Any CPU
		{6CC7C1C5-3824-4486-A0D9-E86BCEB6EE13}.Debug|Any CPU.Build.0 = Debug|Any CPU
		{6CC7C1C5-3824-4486-A0D9-E86BCEB6EE13}.Release|Any CPU.ActiveCfg = Release|Any CPU
		{6CC7C1C5-3824-4486-A0D9-E86BCEB6EE13}.Release|Any CPU.Build.0 = Release|Any CPU
	EndGlobalSection
	GlobalSection(SolutionProperties) = preSolution
		HideSolutionNode = FALSE
	EndGlobalSection
	GlobalSection(ExtensibilityGlobals) = postSolution
		SolutionGuid = {7AFF0DBF-61EE-481F-8FAB-316EE28B3257}
	EndGlobalSection
EndGlobal
